<?xml version="1.0" encoding="utf-8"?>
<Project ToolsVersion="4.0" xmlns="http://schemas.microsoft.com/developer/msbuild/2003">
  <ItemGroup>
    <ClCompile Include="Game.cpp">
      <Filter>src\engine</Filter>
    </ClCompile>
    <ClCompile Include="GameObject.cpp">
      <Filter>src\engine</Filter>
    </ClCompile>
    <ClCompile Include="main.cpp">
      <Filter>src\engine</Filter>
    </ClCompile>
    <ClCompile Include="MapManager.cpp">
      <Filter>src\engine</Filter>
    </ClCompile>
    <ClCompile Include="TextureManager.cpp">
      <Filter>src\engine</Filter>
    </ClCompile>
    <ClCompile Include="Vector2D.cpp">
      <Filter>src\ECS</Filter>
    </ClCompile>
    <ClCompile Include="Collision.cpp">
      <Filter>src\engine</Filter>
    </ClCompile>
    <ClCompile Include="ECS.cpp">
      <Filter>src\ECS</Filter>
    </ClCompile>
  </ItemGroup>
  <ItemGroup>
    <ClInclude Include="Game.h">
      <Filter>src\engine</Filter>
    </ClInclude>
    <ClInclude Include="GameObject.h">
      <Filter>src\engine</Filter>
    </ClInclude>
    <ClInclude Include="MapManager.h">
      <Filter>src\engine</Filter>
    </ClInclude>
    <ClInclude Include="TextureManager.h">
      <Filter>src\engine</Filter>
    </ClInclude>
    <ClInclude Include="ECS.h">
      <Filter>src\ECS</Filter>
    </ClInclude>
    <ClInclude Include="Components.h">
      <Filter>src\ECS</Filter>
    </ClInclude>
    <ClInclude Include="SpriteComponent.h">
      <Filter>src\ECS</Filter>
    </ClInclude>
    <ClInclude Include="TransformComponent.h">
      <Filter>src\ECS</Filter>
    </ClInclude>
    <ClInclude Include="Vector2D.h">
      <Filter>src\ECS</Filter>
    </ClInclude>
    <ClInclude Include="KeyboardController.h">
      <Filter>src\ECS</Filter>
    </ClInclude>
    <ClInclude Include="CollisionComponent.h">
      <Filter>src\ECS</Filter>
    </ClInclude>
    <ClInclude Include="Collision.h">
      <Filter>src\engine</Filter>
    </ClInclude>
    <ClInclude Include="TileComponent.h">
      <Filter>src\ECS</Filter>
    </ClInclude>
  </ItemGroup>
  <ItemGroup>
    <Filter Include="src">
      <UniqueIdentifier>{02229185-17f9-4003-aac2-38e5b0e17d4c}</UniqueIdentifier>
    </Filter>
    <Filter Include="src\assets">
      <UniqueIdentifier>{ef33a5a8-c629-4619-a27a-afe0f5b9443e}</UniqueIdentifier>
    </Filter>
    <Filter Include="src\engine">
      <UniqueIdentifier>{f9cc69c3-ae10-4777-b920-c0b32f4c60a3}</UniqueIdentifier>
    </Filter>
    <Filter Include="src\ECS">
      <UniqueIdentifier>{9f232c26-94b4-4881-b3ba-fccad2f1d45c}</UniqueIdentifier>
    </Filter>
  </ItemGroup>
  <ItemGroup>
    <Image Include="assets\player.png">
      <Filter>src\assets</Filter>
    </Image>
    <Image Include="assets\player2.png">
      <Filter>src\assets</Filter>
    </Image>
    <Image Include="assets\dirt.png">
      <Filter>src\assets</Filter>
    </Image>
    <Image Include="assets\grass.png">
      <Filter>src\assets</Filter>
    </Image>
    <Image Include="assets\water.png">
      <Filter>src\assets</Filter>
    </Image>
  </ItemGroup>
</Project>